
Microsoft Visual Studio Solution File, Format Version 12.00
# Visual Studio 14
VisualStudioVersion = 14.0.25420.1
MinimumVisualStudioVersion = 10.0.40219.1
Project("{FAE04EC0-301F-11D3-BF4B-00C04F79EFBC}") = "Cities.Android", "Cities\Cities.Android\Cities.Android.csproj", "{D5513F3D-8CDC-4F06-9E83-2E63B3C9090D}"
EndProject
Project("{FAE04EC0-301F-11D3-BF4B-00C04F79EFBC}") = "Cities", "Cities\Cities\Cities.csproj", "{DDE45A24-302F-4260-BB91-0852C50594E9}"
EndProject
Project("{FAE04EC0-301F-11D3-BF4B-00C04F79EFBC}") = "Cities.UWP", "Cities\Cities.UWP\Cities.UWP.csproj", "{E50F1D35-5C93-49C6-9B16-69ED01E6F8BC}"
EndProject
Project("{FAE04EC0-301F-11D3-BF4B-00C04F79EFBC}") = "Cities.iOS", "Cities\Cities.iOS\Cities.iOS.csproj", "{2797973C-7A54-4D75-9058-FCED9D6DEDB3}"
EndProject
Global
	GlobalSection(SolutionConfigurationPlatforms) = preSolution
		Ad-Hoc|Any CPU = Ad-Hoc|Any CPU
		Ad-Hoc|ARM = Ad-Hoc|ARM
		Ad-Hoc|iPhone = Ad-Hoc|iPhone
		Ad-Hoc|iPhoneSimulator = Ad-Hoc|iPhoneSimulator
		Ad-Hoc|x64 = Ad-Hoc|x64
		Ad-Hoc|x86 = Ad-Hoc|x86
		AppStore|Any CPU = AppStore|Any CPU
		AppStore|ARM = AppStore|ARM
		AppStore|iPhone = AppStore|iPhone
		AppStore|iPhoneSimulator = AppStore|iPhoneSimulator
		AppStore|x64 = AppStore|x64
		AppStore|x86 = AppStore|x86
		Debug|Any CPU = Debug|Any CPU
		Debug|ARM = Debug|ARM
		Debug|iPhone = Debug|iPhone
		Debug|iPhoneSimulator = Debug|iPhoneSimulator
		Debug|x64 = Debug|x64
		Debug|x86 = Debug|x86
		Release|Any CPU = Release|Any CPU
		Release|ARM = Release|ARM
		Release|iPhone = Release|iPhone
		Release|iPhoneSimulator = Release|iPhoneSimulator
		Release|x64 = Release|x64
		Release|x86 = Release|x86
	EndGlobalSection
	GlobalSection(ProjectConfigurationPlatforms) = postSolution
		{D5513F3D-8CDC-4F06-9E83-2E63B3C9090D}.Ad-Hoc|Any CPU.ActiveCfg = Release|Any CPU
		{D5513F3D-8CDC-4F06-9E83-2E63B3C9090D}.Ad-Hoc|Any CPU.Build.0 = Release|Any CPU
		{D5513F3D-8CDC-4F06-9E83-2E63B3C9090D}.Ad-Hoc|Any CPU.Deploy.0 = Release|Any CPU
		{D5513F3D-8CDC-4F06-9E83-2E63B3C9090D}.Ad-Hoc|ARM.ActiveCfg = Release|Any CPU
		{D5513F3D-8CDC-4F06-9E83-2E63B3C9090D}.Ad-Hoc|ARM.Build.0 = Release|Any CPU
		{D5513F3D-8CDC-4F06-9E83-2E63B3C9090D}.Ad-Hoc|ARM.Deploy.0 = Release|Any CPU
		{D5513F3D-8CDC-4F06-9E83-2E63B3C9090D}.Ad-Hoc|iPhone.ActiveCfg = Release|Any CPU
		{D5513F3D-8CDC-4F06-9E83-2E63B3C9090D}.Ad-Hoc|iPhone.Build.0 = Release|Any CPU
		{D5513F3D-8CDC-4F06-9E83-2E63B3C9090D}.Ad-Hoc|iPhone.Deploy.0 = Release|Any CPU
		{D5513F3D-8CDC-4F06-9E83-2E63B3C9090D}.Ad-Hoc|iPhoneSimulator.ActiveCfg = Release|Any CPU
		{D5513F3D-8CDC-4F06-9E83-2E63B3C9090D}.Ad-Hoc|iPhoneSimulator.Build.0 = Release|Any CPU
		{D5513F3D-8CDC-4F06-9E83-2E63B3C9090D}.Ad-Hoc|iPhoneSimulator.Deploy.0 = Release|Any CPU
		{D5513F3D-8CDC-4F06-9E83-2E63B3C9090D}.Ad-Hoc|x64.ActiveCfg = Release|Any CPU
		{D5513F3D-8CDC-4F06-9E83-2E63B3C9090D}.Ad-Hoc|x64.Build.0 = Release|Any CPU
		{D5513F3D-8CDC-4F06-9E83-2E63B3C9090D}.Ad-Hoc|x64.Deploy.0 = Release|Any CPU
		{D5513F3D-8CDC-4F06-9E83-2E63B3C9090D}.Ad-Hoc|x86.ActiveCfg = Release|Any CPU
		{D5513F3D-8CDC-4F06-9E83-2E63B3C9090D}.Ad-Hoc|x86.Build.0 = Release|Any CPU
		{D5513F3D-8CDC-4F06-9E83-2E63B3C9090D}.Ad-Hoc|x86.Deploy.0 = Release|Any CPU
		{D5513F3D-8CDC-4F06-9E83-2E63B3C9090D}.AppStore|Any CPU.ActiveCfg = Release|Any CPU
		{D5513F3D-8CDC-4F06-9E83-2E63B3C9090D}.AppStore|Any CPU.Build.0 = Release|Any CPU
		{D5513F3D-8CDC-4F06-9E83-2E63B3C9090D}.AppStore|Any CPU.Deploy.0 = Release|Any CPU
		{D5513F3D-8CDC-4F06-9E83-2E63B3C9090D}.AppStore|ARM.ActiveCfg = Release|Any CPU
		{D5513F3D-8CDC-4F06-9E83-2E63B3C9090D}.AppStore|ARM.Build.0 = Release|Any CPU
		{D5513F3D-8CDC-4F06-9E83-2E63B3C9090D}.AppStore|ARM.Deploy.0 = Release|Any CPU
		{D5513F3D-8CDC-4F06-9E83-2E63B3C9090D}.AppStore|iPhone.ActiveCfg = Release|Any CPU
		{D5513F3D-8CDC-4F06-9E83-2E63B3C9090D}.AppStore|iPhone.Build.0 = Release|Any CPU
		{D5513F3D-8CDC-4F06-9E83-2E63B3C9090D}.AppStore|iPhone.Deploy.0 = Release|Any CPU
		{D5513F3D-8CDC-4F06-9E83-2E63B3C9090D}.AppStore|iPhoneSimulator.ActiveCfg = Release|Any CPU
		{D5513F3D-8CDC-4F06-9E83-2E63B3C9090D}.AppStore|iPhoneSimulator.Build.0 = Release|Any CPU
		{D5513F3D-8CDC-4F06-9E83-2E63B3C9090D}.AppStore|iPhoneSimulator.Deploy.0 = Release|Any CPU
		{D5513F3D-8CDC-4F06-9E83-2E63B3C9090D}.AppStore|x64.ActiveCfg = Release|Any CPU
		{D5513F3D-8CDC-4F06-9E83-2E63B3C9090D}.AppStore|x64.Build.0 = Release|Any CPU
		{D5513F3D-8CDC-4F06-9E83-2E63B3C9090D}.AppStore|x64.Deploy.0 = Release|Any CPU
		{D5513F3D-8CDC-4F06-9E83-2E63B3C9090D}.AppStore|x86.ActiveCfg = Release|Any CPU
		{D5513F3D-8CDC-4F06-9E83-2E63B3C9090D}.AppStore|x86.Build.0 = Release|Any CPU
		{D5513F3D-8CDC-4F06-9E83-2E63B3C9090D}.AppStore|x86.Deploy.0 = Release|Any CPU
		{D5513F3D-8CDC-4F06-9E83-2E63B3C9090D}.Debug|Any CPU.ActiveCfg = Debug|Any CPU
		{D5513F3D-8CDC-4F06-9E83-2E63B3C9090D}.Debug|Any CPU.Build.0 = Debug|Any CPU
		{D5513F3D-8CDC-4F06-9E83-2E63B3C9090D}.Debug|Any CPU.Deploy.0 = Debug|Any CPU
		{D5513F3D-8CDC-4F06-9E83-2E63B3C9090D}.Debug|ARM.ActiveCfg = Debug|Any CPU
		{D5513F3D-8CDC-4F06-9E83-2E63B3C9090D}.Debug|ARM.Build.0 = Debug|Any CPU
		{D5513F3D-8CDC-4F06-9E83-2E63B3C9090D}.Debug|ARM.Deploy.0 = Debug|Any CPU
		{D5513F3D-8CDC-4F06-9E83-2E63B3C9090D}.Debug|iPhone.ActiveCfg = Debug|Any CPU
		{D5513F3D-8CDC-4F06-9E83-2E63B3C9090D}.Debug|iPhone.Build.0 = Debug|Any CPU
		{D5513F3D-8CDC-4F06-9E83-2E63B3C9090D}.Debug|iPhone.Deploy.0 = Debug|Any CPU
		{D5513F3D-8CDC-4F06-9E83-2E63B3C9090D}.Debug|iPhoneSimulator.ActiveCfg = Debug|Any CPU
		{D5513F3D-8CDC-4F06-9E83-2E63B3C9090D}.Debug|iPhoneSimulator.Build.0 = Debug|Any CPU
		{D5513F3D-8CDC-4F06-9E83-2E63B3C9090D}.Debug|iPhoneSimulator.Deploy.0 = Debug|Any CPU
		{D5513F3D-8CDC-4F06-9E83-2E63B3C9090D}.Debug|x64.ActiveCfg = Debug|Any CPU
		{D5513F3D-8CDC-4F06-9E83-2E63B3C9090D}.Debug|x64.Build.0 = Debug|Any CPU
		{D5513F3D-8CDC-4F06-9E83-2E63B3C9090D}.Debug|x64.Deploy.0 = Debug|Any CPU
		{D5513F3D-8CDC-4F06-9E83-2E63B3C9090D}.Debug|x86.ActiveCfg = Debug|Any CPU
		{D5513F3D-8CDC-4F06-9E83-2E63B3C9090D}.Debug|x86.Build.0 = Debug|Any CPU
		{D5513F3D-8CDC-4F06-9E83-2E63B3C9090D}.Debug|x86.Deploy.0 = Debug|Any CPU
		{D5513F3D-8CDC-4F06-9E83-2E63B3C9090D}.Release|Any CPU.ActiveCfg = Release|Any CPU
		{D5513F3D-8CDC-4F06-9E83-2E63B3C9090D}.Release|Any CPU.Build.0 = Release|Any CPU
		{D5513F3D-8CDC-4F06-9E83-2E63B3C9090D}.Release|Any CPU.Deploy.0 = Release|Any CPU
		{D5513F3D-8CDC-4F06-9E83-2E63B3C9090D}.Release|ARM.ActiveCfg = Release|Any CPU
		{D5513F3D-8CDC-4F06-9E83-2E63B3C9090D}.Release|ARM.Build.0 = Release|Any CPU
		{D5513F3D-8CDC-4F06-9E83-2E63B3C9090D}.Release|ARM.Deploy.0 = Release|Any CPU
		{D5513F3D-8CDC-4F06-9E83-2E63B3C9090D}.Release|iPhone.ActiveCfg = Release|Any CPU
		{D5513F3D-8CDC-4F06-9E83-2E63B3C9090D}.Release|iPhone.Build.0 = Release|Any CPU
		{D5513F3D-8CDC-4F06-9E83-2E63B3C9090D}.Release|iPhone.Deploy.0 = Release|Any CPU
		{D5513F3D-8CDC-4F06-9E83-2E63B3C9090D}.Release|iPhoneSimulator.ActiveCfg = Release|Any CPU
		{D5513F3D-8CDC-4F06-9E83-2E63B3C9090D}.Release|iPhoneSimulator.Build.0 = Release|Any CPU
		{D5513F3D-8CDC-4F06-9E83-2E63B3C9090D}.Release|iPhoneSimulator.Deploy.0 = Release|Any CPU
		{D5513F3D-8CDC-4F06-9E83-2E63B3C9090D}.Release|x64.ActiveCfg = Release|Any CPU
		{D5513F3D-8CDC-4F06-9E83-2E63B3C9090D}.Release|x64.Build.0 = Release|Any CPU
		{D5513F3D-8CDC-4F06-9E83-2E63B3C9090D}.Release|x64.Deploy.0 = Release|Any CPU
		{D5513F3D-8CDC-4F06-9E83-2E63B3C9090D}.Release|x86.ActiveCfg = Release|Any CPU
		{D5513F3D-8CDC-4F06-9E83-2E63B3C9090D}.Release|x86.Build.0 = Release|Any CPU
		{D5513F3D-8CDC-4F06-9E83-2E63B3C9090D}.Release|x86.Deploy.0 = Release|Any CPU
		{DDE45A24-302F-4260-BB91-0852C50594E9}.Ad-Hoc|Any CPU.ActiveCfg = Release|Any CPU
		{DDE45A24-302F-4260-BB91-0852C50594E9}.Ad-Hoc|Any CPU.Build.0 = Release|Any CPU
		{DDE45A24-302F-4260-BB91-0852C50594E9}.Ad-Hoc|ARM.ActiveCfg = Release|Any CPU
		{DDE45A24-302F-4260-BB91-0852C50594E9}.Ad-Hoc|ARM.Build.0 = Release|Any CPU
		{DDE45A24-302F-4260-BB91-0852C50594E9}.Ad-Hoc|iPhone.ActiveCfg = Release|Any CPU
		{DDE45A24-302F-4260-BB91-0852C50594E9}.Ad-Hoc|iPhone.Build.0 = Release|Any CPU
		{DDE45A24-302F-4260-BB91-0852C50594E9}.Ad-Hoc|iPhoneSimulator.ActiveCfg = Release|Any CPU
		{DDE45A24-302F-4260-BB91-0852C50594E9}.Ad-Hoc|iPhoneSimulator.Build.0 = Release|Any CPU
		{DDE45A24-302F-4260-BB91-0852C50594E9}.Ad-Hoc|x64.ActiveCfg = Release|Any CPU
		{DDE45A24-302F-4260-BB91-0852C50594E9}.Ad-Hoc|x64.Build.0 = Release|Any CPU
		{DDE45A24-302F-4260-BB91-0852C50594E9}.Ad-Hoc|x86.ActiveCfg = Release|Any CPU
		{DDE45A24-302F-4260-BB91-0852C50594E9}.Ad-Hoc|x86.Build.0 = Release|Any CPU
		{DDE45A24-302F-4260-BB91-0852C50594E9}.AppStore|Any CPU.ActiveCfg = Release|Any CPU
		{DDE45A24-302F-4260-BB91-0852C50594E9}.AppStore|Any CPU.Build.0 = Release|Any CPU
		{DDE45A24-302F-4260-BB91-0852C50594E9}.AppStore|ARM.ActiveCfg = Release|Any CPU
		{DDE45A24-302F-4260-BB91-0852C50594E9}.AppStore|ARM.Build.0 = Release|Any CPU
		{DDE45A24-302F-4260-BB91-0852C50594E9}.AppStore|iPhone.ActiveCfg = Release|Any CPU
		{DDE45A24-302F-4260-BB91-0852C50594E9}.AppStore|iPhone.Build.0 = Release|Any CPU
		{DDE45A24-302F-4260-BB91-0852C50594E9}.AppStore|iPhoneSimulator.ActiveCfg = Release|Any CPU
		{DDE45A24-302F-4260-BB91-0852C50594E9}.AppStore|iPhoneSimulator.Build.0 = Release|Any CPU
		{DDE45A24-302F-4260-BB91-0852C50594E9}.AppStore|x64.ActiveCfg = Release|Any CPU
		{DDE45A24-302F-4260-BB91-0852C50594E9}.AppStore|x64.Build.0 = Release|Any CPU
		{DDE45A24-302F-4260-BB91-0852C50594E9}.AppStore|x86.ActiveCfg = Release|Any CPU
		{DDE45A24-302F-4260-BB91-0852C50594E9}.AppStore|x86.Build.0 = Release|Any CPU
		{DDE45A24-302F-4260-BB91-0852C50594E9}.Debug|Any CPU.ActiveCfg = Debug|Any CPU
		{DDE45A24-302F-4260-BB91-0852C50594E9}.Debug|Any CPU.Build.0 = Debug|Any CPU
		{DDE45A24-302F-4260-BB91-0852C50594E9}.Debug|ARM.ActiveCfg = Debug|Any CPU
		{DDE45A24-302F-4260-BB91-0852C50594E9}.Debug|ARM.Build.0 = Debug|Any CPU
		{DDE45A24-302F-4260-BB91-0852C50594E9}.Debug|iPhone.ActiveCfg = Debug|Any CPU
		{DDE45A24-302F-4260-BB91-0852C50594E9}.Debug|iPhone.Build.0 = Debug|Any CPU
		{DDE45A24-302F-4260-BB91-0852C50594E9}.Debug|iPhoneSimulator.ActiveCfg = Debug|Any CPU
		{DDE45A24-302F-4260-BB91-0852C50594E9}.Debug|iPhoneSimulator.Build.0 = Debug|Any CPU
		{DDE45A24-302F-4260-BB91-0852C50594E9}.Debug|x64.ActiveCfg = Debug|Any CPU
		{DDE45A24-302F-4260-BB91-0852C50594E9}.Debug|x64.Build.0 = Debug|Any CPU
		{DDE45A24-302F-4260-BB91-0852C50594E9}.Debug|x86.ActiveCfg = Debug|Any CPU
		{DDE45A24-302F-4260-BB91-0852C50594E9}.Debug|x86.Build.0 = Debug|Any CPU
		{DDE45A24-302F-4260-BB91-0852C50594E9}.Release|Any CPU.ActiveCfg = Release|Any CPU
		{DDE45A24-302F-4260-BB91-0852C50594E9}.Release|Any CPU.Build.0 = Release|Any CPU
		{DDE45A24-302F-4260-BB91-0852C50594E9}.Release|ARM.ActiveCfg = Release|Any CPU
		{DDE45A24-302F-4260-BB91-0852C50594E9}.Release|ARM.Build.0 = Release|Any CPU
		{DDE45A24-302F-4260-BB91-0852C50594E9}.Release|iPhone.ActiveCfg = Release|Any CPU
		{DDE45A24-302F-4260-BB91-0852C50594E9}.Release|iPhone.Build.0 = Release|Any CPU
		{DDE45A24-302F-4260-BB91-0852C50594E9}.Release|iPhoneSimulator.ActiveCfg = Release|Any CPU
		{DDE45A24-302F-4260-BB91-0852C50594E9}.Release|iPhoneSimulator.Build.0 = Release|Any CPU
		{DDE45A24-302F-4260-BB91-0852C50594E9}.Release|x64.ActiveCfg = Release|Any CPU
		{DDE45A24-302F-4260-BB91-0852C50594E9}.Release|x64.Build.0 = Release|Any CPU
		{DDE45A24-302F-4260-BB91-0852C50594E9}.Release|x86.ActiveCfg = Release|Any CPU
		{DDE45A24-302F-4260-BB91-0852C50594E9}.Release|x86.Build.0 = Release|Any CPU
		{E50F1D35-5C93-49C6-9B16-69ED01E6F8BC}.Ad-Hoc|Any CPU.ActiveCfg = Release|x86
		{E50F1D35-5C93-49C6-9B16-69ED01E6F8BC}.Ad-Hoc|Any CPU.Build.0 = Release|x86
		{E50F1D35-5C93-49C6-9B16-69ED01E6F8BC}.Ad-Hoc|Any CPU.Deploy.0 = Release|x86
		{E50F1D35-5C93-49C6-9B16-69ED01E6F8BC}.Ad-Hoc|ARM.ActiveCfg = Release|ARM
		{E50F1D35-5C93-49C6-9B16-69ED01E6F8BC}.Ad-Hoc|ARM.Build.0 = Release|ARM
		{E50F1D35-5C93-49C6-9B16-69ED01E6F8BC}.Ad-Hoc|ARM.Deploy.0 = Release|ARM
		{E50F1D35-5C93-49C6-9B16-69ED01E6F8BC}.Ad-Hoc|iPhone.ActiveCfg = Release|x86
		{E50F1D35-5C93-49C6-9B16-69ED01E6F8BC}.Ad-Hoc|iPhone.Build.0 = Release|x86
		{E50F1D35-5C93-49C6-9B16-69ED01E6F8BC}.Ad-Hoc|iPhone.Deploy.0 = Release|x86
		{E50F1D35-5C93-49C6-9B16-69ED01E6F8BC}.Ad-Hoc|iPhoneSimulator.ActiveCfg = Release|x86
		{E50F1D35-5C93-49C6-9B16-69ED01E6F8BC}.Ad-Hoc|iPhoneSimulator.Build.0 = Release|x86
		{E50F1D35-5C93-49C6-9B16-69ED01E6F8BC}.Ad-Hoc|iPhoneSimulator.Deploy.0 = Release|x86
		{E50F1D35-5C93-49C6-9B16-69ED01E6F8BC}.Ad-Hoc|x64.ActiveCfg = Release|x64
		{E50F1D35-5C93-49C6-9B16-69ED01E6F8BC}.Ad-Hoc|x64.Build.0 = Release|x64
		{E50F1D35-5C93-49C6-9B16-69ED01E6F8BC}.Ad-Hoc|x64.Deploy.0 = Release|x64
		{E50F1D35-5C93-49C6-9B16-69ED01E6F8BC}.Ad-Hoc|x86.ActiveCfg = Release|x86
		{E50F1D35-5C93-49C6-9B16-69ED01E6F8BC}.Ad-Hoc|x86.Build.0 = Release|x86
		{E50F1D35-5C93-49C6-9B16-69ED01E6F8BC}.Ad-Hoc|x86.Deploy.0 = Release|x86
		{E50F1D35-5C93-49C6-9B16-69ED01E6F8BC}.AppStore|Any CPU.ActiveCfg = Release|x86
		{E50F1D35-5C93-49C6-9B16-69ED01E6F8BC}.AppStore|Any CPU.Build.0 = Release|x86
		{E50F1D35-5C93-49C6-9B16-69ED01E6F8BC}.AppStore|Any CPU.Deploy.0 = Release|x86
		{E50F1D35-5C93-49C6-9B16-69ED01E6F8BC}.AppStore|ARM.ActiveCfg = Release|ARM
		{E50F1D35-5C93-49C6-9B16-69ED01E6F8BC}.AppStore|ARM.Build.0 = Release|ARM
		{E50F1D35-5C93-49C6-9B16-69ED01E6F8BC}.AppStore|ARM.Deploy.0 = Release|ARM
		{E50F1D35-5C93-49C6-9B16-69ED01E6F8BC}.AppStore|iPhone.ActiveCfg = Release|x86
		{E50F1D35-5C93-49C6-9B16-69ED01E6F8BC}.AppStore|iPhone.Build.0 = Release|x86
		{E50F1D35-5C93-49C6-9B16-69ED01E6F8BC}.AppStore|iPhone.Deploy.0 = Release|x86
		{E50F1D35-5C93-49C6-9B16-69ED01E6F8BC}.AppStore|iPhoneSimulator.ActiveCfg = Release|x86
		{E50F1D35-5C93-49C6-9B16-69ED01E6F8BC}.AppStore|iPhoneSimulator.Build.0 = Release|x86
		{E50F1D35-5C93-49C6-9B16-69ED01E6F8BC}.AppStore|iPhoneSimulator.Deploy.0 = Release|x86
		{E50F1D35-5C93-49C6-9B16-69ED01E6F8BC}.AppStore|x64.ActiveCfg = Release|x64
		{E50F1D35-5C93-49C6-9B16-69ED01E6F8BC}.AppStore|x64.Build.0 = Release|x64
		{E50F1D35-5C93-49C6-9B16-69ED01E6F8BC}.AppStore|x64.Deploy.0 = Release|x64
		{E50F1D35-5C93-49C6-9B16-69ED01E6F8BC}.AppStore|x86.ActiveCfg = Release|x86
		{E50F1D35-5C93-49C6-9B16-69ED01E6F8BC}.AppStore|x86.Build.0 = Release|x86
		{E50F1D35-5C93-49C6-9B16-69ED01E6F8BC}.AppStore|x86.Deploy.0 = Release|x86
		{E50F1D35-5C93-49C6-9B16-69ED01E6F8BC}.Debug|Any CPU.ActiveCfg = Debug|x86
		{E50F1D35-5C93-49C6-9B16-69ED01E6F8BC}.Debug|ARM.ActiveCfg = Debug|ARM
		{E50F1D35-5C93-49C6-9B16-69ED01E6F8BC}.Debug|ARM.Build.0 = Debug|ARM
		{E50F1D35-5C93-49C6-9B16-69ED01E6F8BC}.Debug|ARM.Deploy.0 = Debug|ARM
		{E50F1D35-5C93-49C6-9B16-69ED01E6F8BC}.Debug|iPhone.ActiveCfg = Debug|x86
		{E50F1D35-5C93-49C6-9B16-69ED01E6F8BC}.Debug|iPhoneSimulator.ActiveCfg = Debug|x86
		{E50F1D35-5C93-49C6-9B16-69ED01E6F8BC}.Debug|x64.ActiveCfg = Debug|x64
		{E50F1D35-5C93-49C6-9B16-69ED01E6F8BC}.Debug|x64.Build.0 = Debug|x64
		{E50F1D35-5C93-49C6-9B16-69ED01E6F8BC}.Debug|x64.Deploy.0 = Debug|x64
		{E50F1D35-5C93-49C6-9B16-69ED01E6F8BC}.Debug|x86.ActiveCfg = Debug|x86
		{E50F1D35-5C93-49C6-9B16-69ED01E6F8BC}.Debug|x86.Build.0 = Debug|x86
		{E50F1D35-5C93-49C6-9B16-69ED01E6F8BC}.Debug|x86.Deploy.0 = Debug|x86
		{E50F1D35-5C93-49C6-9B16-69ED01E6F8BC}.Release|Any CPU.ActiveCfg = Release|x86
		{E50F1D35-5C93-49C6-9B16-69ED01E6F8BC}.Release|ARM.ActiveCfg = Release|ARM
		{E50F1D35-5C93-49C6-9B16-69ED01E6F8BC}.Release|ARM.Build.0 = Release|ARM
		{E50F1D35-5C93-49C6-9B16-69ED01E6F8BC}.Release|ARM.Deploy.0 = Release|ARM
		{E50F1D35-5C93-49C6-9B16-69ED01E6F8BC}.Release|iPhone.ActiveCfg = Release|x86
		{E50F1D35-5C93-49C6-9B16-69ED01E6F8BC}.Release|iPhoneSimulator.ActiveCfg = Release|x86
		{E50F1D35-5C93-49C6-9B16-69ED01E6F8BC}.Release|x64.ActiveCfg = Release|x64
		{E50F1D35-5C93-49C6-9B16-69ED01E6F8BC}.Release|x64.Build.0 = Release|x64
		{E50F1D35-5C93-49C6-9B16-69ED01E6F8BC}.Release|x64.Deploy.0 = Release|x64
		{E50F1D35-5C93-49C6-9B16-69ED01E6F8BC}.Release|x86.ActiveCfg = Release|x86
		{E50F1D35-5C93-49C6-9B16-69ED01E6F8BC}.Release|x86.Build.0 = Release|x86
		{E50F1D35-5C93-49C6-9B16-69ED01E6F8BC}.Release|x86.Deploy.0 = Release|x86
		{2797973C-7A54-4D75-9058-FCED9D6DEDB3}.Ad-Hoc|Any CPU.ActiveCfg = Ad-Hoc|iPhone
		{2797973C-7A54-4D75-9058-FCED9D6DEDB3}.Ad-Hoc|ARM.ActiveCfg = Ad-Hoc|iPhone
		{2797973C-7A54-4D75-9058-FCED9D6DEDB3}.Ad-Hoc|iPhone.ActiveCfg = Ad-Hoc|iPhone
		{2797973C-7A54-4D75-9058-FCED9D6DEDB3}.Ad-Hoc|iPhone.Build.0 = Ad-Hoc|iPhone
		{2797973C-7A54-4D75-9058-FCED9D6DEDB3}.Ad-Hoc|iPhoneSimulator.ActiveCfg = Ad-Hoc|iPhoneSimulator
		{2797973C-7A54-4D75-9058-FCED9D6DEDB3}.Ad-Hoc|iPhoneSimulator.Build.0 = Ad-Hoc|iPhoneSimulator
		{2797973C-7A54-4D75-9058-FCED9D6DEDB3}.Ad-Hoc|x64.ActiveCfg = Ad-Hoc|iPhone
		{2797973C-7A54-4D75-9058-FCED9D6DEDB3}.Ad-Hoc|x86.ActiveCfg = Ad-Hoc|iPhone
		{2797973C-7A54-4D75-9058-FCED9D6DEDB3}.AppStore|Any CPU.ActiveCfg = AppStore|iPhone
		{2797973C-7A54-4D75-9058-FCED9D6DEDB3}.AppStore|ARM.ActiveCfg = AppStore|iPhone
		{2797973C-7A54-4D75-9058-FCED9D6DEDB3}.AppStore|iPhone.ActiveCfg = AppStore|iPhone
		{2797973C-7A54-4D75-9058-FCED9D6DEDB3}.AppStore|iPhone.Build.0 = AppStore|iPhone
		{2797973C-7A54-4D75-9058-FCED9D6DEDB3}.AppStore|iPhoneSimulator.ActiveCfg = AppStore|iPhoneSimulator
		{2797973C-7A54-4D75-9058-FCED9D6DEDB3}.AppStore|iPhoneSimulator.Build.0 = AppStore|iPhoneSimulator
		{2797973C-7A54-4D75-9058-FCED9D6DEDB3}.AppStore|x64.ActiveCfg = AppStore|iPhone
		{2797973C-7A54-4D75-9058-FCED9D6DEDB3}.AppStore|x86.ActiveCfg = AppStore|iPhone
		{2797973C-7A54-4D75-9058-FCED9D6DEDB3}.Debug|Any CPU.ActiveCfg = Debug|iPhone
		{2797973C-7A54-4D75-9058-FCED9D6DEDB3}.Debug|ARM.ActiveCfg = Debug|iPhone
		{2797973C-7A54-4D75-9058-FCED9D6DEDB3}.Debug|iPhone.ActiveCfg = Debug|iPhone
		{2797973C-7A54-4D75-9058-FCED9D6DEDB3}.Debug|iPhone.Build.0 = Debug|iPhone
		{2797973C-7A54-4D75-9058-FCED9D6DEDB3}.Debug|iPhoneSimulator.ActiveCfg = Debug|iPhoneSimulator
		{2797973C-7A54-4D75-9058-FCED9D6DEDB3}.Debug|iPhoneSimulator.Build.0 = Debug|iPhoneSimulator
		{2797973C-7A54-4D75-9058-FCED9D6DEDB3}.Debug|x64.ActiveCfg = Debug|iPhone
		{2797973C-7A54-4D75-9058-FCED9D6DEDB3}.Debug|x86.ActiveCfg = Debug|iPhone
		{2797973C-7A54-4D75-9058-FCED9D6DEDB3}.Release|Any CPU.ActiveCfg = Release|iPhone
		{2797973C-7A54-4D75-9058-FCED9D6DEDB3}.Release|ARM.ActiveCfg = Release|iPhone
		{2797973C-7A54-4D75-9058-FCED9D6DEDB3}.Release|iPhone.ActiveCfg = Release|iPhone
		{2797973C-7A54-4D75-9058-FCED9D6DEDB3}.Release|iPhone.Build.0 = Release|iPhone
		{2797973C-7A54-4D75-9058-FCED9D6DEDB3}.Release|iPhoneSimulator.ActiveCfg = Release|iPhoneSimulator
		{2797973C-7A54-4D75-9058-FCED9D6DEDB3}.Release|iPhoneSimulator.Build.0 = Release|iPhoneSimulator
		{2797973C-7A54-4D75-9058-FCED9D6DEDB3}.Release|x64.ActiveCfg = Release|iPhone
		{2797973C-7A54-4D75-9058-FCED9D6DEDB3}.Release|x86.ActiveCfg = Release|iPhone
	EndGlobalSection
	GlobalSection(SolutionProperties) = preSolution
		HideSolutionNode = FALSE
	EndGlobalSection
EndGlobal
