
Microsoft Visual Studio Solution File, Format Version 12.00
# Visual Studio 14
VisualStudioVersion = 14.0.25420.1
MinimumVisualStudioVersion = 10.0.40219.1
Project("{FAE04EC0-301F-11D3-BF4B-00C04F79EFBC}") = "Contador", "Contador\Contador\Contador.csproj", "{7A8AEF81-F7CA-4311-883A-DC93AF2F74FC}"
EndProject
Project("{FAE04EC0-301F-11D3-BF4B-00C04F79EFBC}") = "Contador.Droid", "Contador\Contador.Droid\Contador.Droid.csproj", "{3C5E112D-8812-41C8-8BE1-13968DF61BBD}"
EndProject
Project("{FAE04EC0-301F-11D3-BF4B-00C04F79EFBC}") = "Contador.iOS", "Contador\Contador.iOS\Contador.iOS.csproj", "{1972C384-6300-42E1-8AA5-946A4EE12E9D}"
EndProject
Project("{FAE04EC0-301F-11D3-BF4B-00C04F79EFBC}") = "Contador.UWP", "Contador\Contador.UWP\Contador.UWP.csproj", "{66C1B6DA-2B24-4F94-89B1-6DDEE8B88E01}"
EndProject
Global
	GlobalSection(SolutionConfigurationPlatforms) = preSolution
		Ad-Hoc|Any CPU = Ad-Hoc|Any CPU
		Ad-Hoc|ARM = Ad-Hoc|ARM
		Ad-Hoc|iPhone = Ad-Hoc|iPhone
		Ad-Hoc|iPhoneSimulator = Ad-Hoc|iPhoneSimulator
		Ad-Hoc|x64 = Ad-Hoc|x64
		Ad-Hoc|x86 = Ad-Hoc|x86
		AppStore|Any CPU = AppStore|Any CPU
		AppStore|ARM = AppStore|ARM
		AppStore|iPhone = AppStore|iPhone
		AppStore|iPhoneSimulator = AppStore|iPhoneSimulator
		AppStore|x64 = AppStore|x64
		AppStore|x86 = AppStore|x86
		Debug|Any CPU = Debug|Any CPU
		Debug|ARM = Debug|ARM
		Debug|iPhone = Debug|iPhone
		Debug|iPhoneSimulator = Debug|iPhoneSimulator
		Debug|x64 = Debug|x64
		Debug|x86 = Debug|x86
		Release|Any CPU = Release|Any CPU
		Release|ARM = Release|ARM
		Release|iPhone = Release|iPhone
		Release|iPhoneSimulator = Release|iPhoneSimulator
		Release|x64 = Release|x64
		Release|x86 = Release|x86
	EndGlobalSection
	GlobalSection(ProjectConfigurationPlatforms) = postSolution
		{7A8AEF81-F7CA-4311-883A-DC93AF2F74FC}.Ad-Hoc|Any CPU.ActiveCfg = Release|Any CPU
		{7A8AEF81-F7CA-4311-883A-DC93AF2F74FC}.Ad-Hoc|Any CPU.Build.0 = Release|Any CPU
		{7A8AEF81-F7CA-4311-883A-DC93AF2F74FC}.Ad-Hoc|ARM.ActiveCfg = Release|Any CPU
		{7A8AEF81-F7CA-4311-883A-DC93AF2F74FC}.Ad-Hoc|ARM.Build.0 = Release|Any CPU
		{7A8AEF81-F7CA-4311-883A-DC93AF2F74FC}.Ad-Hoc|iPhone.ActiveCfg = Release|Any CPU
		{7A8AEF81-F7CA-4311-883A-DC93AF2F74FC}.Ad-Hoc|iPhone.Build.0 = Release|Any CPU
		{7A8AEF81-F7CA-4311-883A-DC93AF2F74FC}.Ad-Hoc|iPhoneSimulator.ActiveCfg = Release|Any CPU
		{7A8AEF81-F7CA-4311-883A-DC93AF2F74FC}.Ad-Hoc|iPhoneSimulator.Build.0 = Release|Any CPU
		{7A8AEF81-F7CA-4311-883A-DC93AF2F74FC}.Ad-Hoc|x64.ActiveCfg = Release|Any CPU
		{7A8AEF81-F7CA-4311-883A-DC93AF2F74FC}.Ad-Hoc|x64.Build.0 = Release|Any CPU
		{7A8AEF81-F7CA-4311-883A-DC93AF2F74FC}.Ad-Hoc|x86.ActiveCfg = Release|Any CPU
		{7A8AEF81-F7CA-4311-883A-DC93AF2F74FC}.Ad-Hoc|x86.Build.0 = Release|Any CPU
		{7A8AEF81-F7CA-4311-883A-DC93AF2F74FC}.AppStore|Any CPU.ActiveCfg = Release|Any CPU
		{7A8AEF81-F7CA-4311-883A-DC93AF2F74FC}.AppStore|Any CPU.Build.0 = Release|Any CPU
		{7A8AEF81-F7CA-4311-883A-DC93AF2F74FC}.AppStore|ARM.ActiveCfg = Release|Any CPU
		{7A8AEF81-F7CA-4311-883A-DC93AF2F74FC}.AppStore|ARM.Build.0 = Release|Any CPU
		{7A8AEF81-F7CA-4311-883A-DC93AF2F74FC}.AppStore|iPhone.ActiveCfg = Release|Any CPU
		{7A8AEF81-F7CA-4311-883A-DC93AF2F74FC}.AppStore|iPhone.Build.0 = Release|Any CPU
		{7A8AEF81-F7CA-4311-883A-DC93AF2F74FC}.AppStore|iPhoneSimulator.ActiveCfg = Release|Any CPU
		{7A8AEF81-F7CA-4311-883A-DC93AF2F74FC}.AppStore|iPhoneSimulator.Build.0 = Release|Any CPU
		{7A8AEF81-F7CA-4311-883A-DC93AF2F74FC}.AppStore|x64.ActiveCfg = Release|Any CPU
		{7A8AEF81-F7CA-4311-883A-DC93AF2F74FC}.AppStore|x64.Build.0 = Release|Any CPU
		{7A8AEF81-F7CA-4311-883A-DC93AF2F74FC}.AppStore|x86.ActiveCfg = Release|Any CPU
		{7A8AEF81-F7CA-4311-883A-DC93AF2F74FC}.AppStore|x86.Build.0 = Release|Any CPU
		{7A8AEF81-F7CA-4311-883A-DC93AF2F74FC}.Debug|Any CPU.ActiveCfg = Debug|Any CPU
		{7A8AEF81-F7CA-4311-883A-DC93AF2F74FC}.Debug|Any CPU.Build.0 = Debug|Any CPU
		{7A8AEF81-F7CA-4311-883A-DC93AF2F74FC}.Debug|ARM.ActiveCfg = Debug|Any CPU
		{7A8AEF81-F7CA-4311-883A-DC93AF2F74FC}.Debug|ARM.Build.0 = Debug|Any CPU
		{7A8AEF81-F7CA-4311-883A-DC93AF2F74FC}.Debug|iPhone.ActiveCfg = Debug|Any CPU
		{7A8AEF81-F7CA-4311-883A-DC93AF2F74FC}.Debug|iPhone.Build.0 = Debug|Any CPU
		{7A8AEF81-F7CA-4311-883A-DC93AF2F74FC}.Debug|iPhoneSimulator.ActiveCfg = Debug|Any CPU
		{7A8AEF81-F7CA-4311-883A-DC93AF2F74FC}.Debug|iPhoneSimulator.Build.0 = Debug|Any CPU
		{7A8AEF81-F7CA-4311-883A-DC93AF2F74FC}.Debug|x64.ActiveCfg = Debug|Any CPU
		{7A8AEF81-F7CA-4311-883A-DC93AF2F74FC}.Debug|x64.Build.0 = Debug|Any CPU
		{7A8AEF81-F7CA-4311-883A-DC93AF2F74FC}.Debug|x86.ActiveCfg = Debug|Any CPU
		{7A8AEF81-F7CA-4311-883A-DC93AF2F74FC}.Debug|x86.Build.0 = Debug|Any CPU
		{7A8AEF81-F7CA-4311-883A-DC93AF2F74FC}.Release|Any CPU.ActiveCfg = Release|Any CPU
		{7A8AEF81-F7CA-4311-883A-DC93AF2F74FC}.Release|Any CPU.Build.0 = Release|Any CPU
		{7A8AEF81-F7CA-4311-883A-DC93AF2F74FC}.Release|ARM.ActiveCfg = Release|Any CPU
		{7A8AEF81-F7CA-4311-883A-DC93AF2F74FC}.Release|ARM.Build.0 = Release|Any CPU
		{7A8AEF81-F7CA-4311-883A-DC93AF2F74FC}.Release|iPhone.ActiveCfg = Release|Any CPU
		{7A8AEF81-F7CA-4311-883A-DC93AF2F74FC}.Release|iPhone.Build.0 = Release|Any CPU
		{7A8AEF81-F7CA-4311-883A-DC93AF2F74FC}.Release|iPhoneSimulator.ActiveCfg = Release|Any CPU
		{7A8AEF81-F7CA-4311-883A-DC93AF2F74FC}.Release|iPhoneSimulator.Build.0 = Release|Any CPU
		{7A8AEF81-F7CA-4311-883A-DC93AF2F74FC}.Release|x64.ActiveCfg = Release|Any CPU
		{7A8AEF81-F7CA-4311-883A-DC93AF2F74FC}.Release|x64.Build.0 = Release|Any CPU
		{7A8AEF81-F7CA-4311-883A-DC93AF2F74FC}.Release|x86.ActiveCfg = Release|Any CPU
		{7A8AEF81-F7CA-4311-883A-DC93AF2F74FC}.Release|x86.Build.0 = Release|Any CPU
		{3C5E112D-8812-41C8-8BE1-13968DF61BBD}.Ad-Hoc|Any CPU.ActiveCfg = Release|Any CPU
		{3C5E112D-8812-41C8-8BE1-13968DF61BBD}.Ad-Hoc|Any CPU.Build.0 = Release|Any CPU
		{3C5E112D-8812-41C8-8BE1-13968DF61BBD}.Ad-Hoc|Any CPU.Deploy.0 = Release|Any CPU
		{3C5E112D-8812-41C8-8BE1-13968DF61BBD}.Ad-Hoc|ARM.ActiveCfg = Release|Any CPU
		{3C5E112D-8812-41C8-8BE1-13968DF61BBD}.Ad-Hoc|ARM.Build.0 = Release|Any CPU
		{3C5E112D-8812-41C8-8BE1-13968DF61BBD}.Ad-Hoc|ARM.Deploy.0 = Release|Any CPU
		{3C5E112D-8812-41C8-8BE1-13968DF61BBD}.Ad-Hoc|iPhone.ActiveCfg = Release|Any CPU
		{3C5E112D-8812-41C8-8BE1-13968DF61BBD}.Ad-Hoc|iPhone.Build.0 = Release|Any CPU
		{3C5E112D-8812-41C8-8BE1-13968DF61BBD}.Ad-Hoc|iPhone.Deploy.0 = Release|Any CPU
		{3C5E112D-8812-41C8-8BE1-13968DF61BBD}.Ad-Hoc|iPhoneSimulator.ActiveCfg = Release|Any CPU
		{3C5E112D-8812-41C8-8BE1-13968DF61BBD}.Ad-Hoc|iPhoneSimulator.Build.0 = Release|Any CPU
		{3C5E112D-8812-41C8-8BE1-13968DF61BBD}.Ad-Hoc|iPhoneSimulator.Deploy.0 = Release|Any CPU
		{3C5E112D-8812-41C8-8BE1-13968DF61BBD}.Ad-Hoc|x64.ActiveCfg = Release|Any CPU
		{3C5E112D-8812-41C8-8BE1-13968DF61BBD}.Ad-Hoc|x64.Build.0 = Release|Any CPU
		{3C5E112D-8812-41C8-8BE1-13968DF61BBD}.Ad-Hoc|x64.Deploy.0 = Release|Any CPU
		{3C5E112D-8812-41C8-8BE1-13968DF61BBD}.Ad-Hoc|x86.ActiveCfg = Release|Any CPU
		{3C5E112D-8812-41C8-8BE1-13968DF61BBD}.Ad-Hoc|x86.Build.0 = Release|Any CPU
		{3C5E112D-8812-41C8-8BE1-13968DF61BBD}.Ad-Hoc|x86.Deploy.0 = Release|Any CPU
		{3C5E112D-8812-41C8-8BE1-13968DF61BBD}.AppStore|Any CPU.ActiveCfg = Release|Any CPU
		{3C5E112D-8812-41C8-8BE1-13968DF61BBD}.AppStore|Any CPU.Build.0 = Release|Any CPU
		{3C5E112D-8812-41C8-8BE1-13968DF61BBD}.AppStore|Any CPU.Deploy.0 = Release|Any CPU
		{3C5E112D-8812-41C8-8BE1-13968DF61BBD}.AppStore|ARM.ActiveCfg = Release|Any CPU
		{3C5E112D-8812-41C8-8BE1-13968DF61BBD}.AppStore|ARM.Build.0 = Release|Any CPU
		{3C5E112D-8812-41C8-8BE1-13968DF61BBD}.AppStore|ARM.Deploy.0 = Release|Any CPU
		{3C5E112D-8812-41C8-8BE1-13968DF61BBD}.AppStore|iPhone.ActiveCfg = Release|Any CPU
		{3C5E112D-8812-41C8-8BE1-13968DF61BBD}.AppStore|iPhone.Build.0 = Release|Any CPU
		{3C5E112D-8812-41C8-8BE1-13968DF61BBD}.AppStore|iPhone.Deploy.0 = Release|Any CPU
		{3C5E112D-8812-41C8-8BE1-13968DF61BBD}.AppStore|iPhoneSimulator.ActiveCfg = Release|Any CPU
		{3C5E112D-8812-41C8-8BE1-13968DF61BBD}.AppStore|iPhoneSimulator.Build.0 = Release|Any CPU
		{3C5E112D-8812-41C8-8BE1-13968DF61BBD}.AppStore|iPhoneSimulator.Deploy.0 = Release|Any CPU
		{3C5E112D-8812-41C8-8BE1-13968DF61BBD}.AppStore|x64.ActiveCfg = Release|Any CPU
		{3C5E112D-8812-41C8-8BE1-13968DF61BBD}.AppStore|x64.Build.0 = Release|Any CPU
		{3C5E112D-8812-41C8-8BE1-13968DF61BBD}.AppStore|x64.Deploy.0 = Release|Any CPU
		{3C5E112D-8812-41C8-8BE1-13968DF61BBD}.AppStore|x86.ActiveCfg = Release|Any CPU
		{3C5E112D-8812-41C8-8BE1-13968DF61BBD}.AppStore|x86.Build.0 = Release|Any CPU
		{3C5E112D-8812-41C8-8BE1-13968DF61BBD}.AppStore|x86.Deploy.0 = Release|Any CPU
		{3C5E112D-8812-41C8-8BE1-13968DF61BBD}.Debug|Any CPU.ActiveCfg = Debug|Any CPU
		{3C5E112D-8812-41C8-8BE1-13968DF61BBD}.Debug|Any CPU.Build.0 = Debug|Any CPU
		{3C5E112D-8812-41C8-8BE1-13968DF61BBD}.Debug|Any CPU.Deploy.0 = Debug|Any CPU
		{3C5E112D-8812-41C8-8BE1-13968DF61BBD}.Debug|ARM.ActiveCfg = Debug|Any CPU
		{3C5E112D-8812-41C8-8BE1-13968DF61BBD}.Debug|ARM.Build.0 = Debug|Any CPU
		{3C5E112D-8812-41C8-8BE1-13968DF61BBD}.Debug|ARM.Deploy.0 = Debug|Any CPU
		{3C5E112D-8812-41C8-8BE1-13968DF61BBD}.Debug|iPhone.ActiveCfg = Debug|Any CPU
		{3C5E112D-8812-41C8-8BE1-13968DF61BBD}.Debug|iPhone.Build.0 = Debug|Any CPU
		{3C5E112D-8812-41C8-8BE1-13968DF61BBD}.Debug|iPhone.Deploy.0 = Debug|Any CPU
		{3C5E112D-8812-41C8-8BE1-13968DF61BBD}.Debug|iPhoneSimulator.ActiveCfg = Debug|Any CPU
		{3C5E112D-8812-41C8-8BE1-13968DF61BBD}.Debug|iPhoneSimulator.Build.0 = Debug|Any CPU
		{3C5E112D-8812-41C8-8BE1-13968DF61BBD}.Debug|iPhoneSimulator.Deploy.0 = Debug|Any CPU
		{3C5E112D-8812-41C8-8BE1-13968DF61BBD}.Debug|x64.ActiveCfg = Debug|Any CPU
		{3C5E112D-8812-41C8-8BE1-13968DF61BBD}.Debug|x64.Build.0 = Debug|Any CPU
		{3C5E112D-8812-41C8-8BE1-13968DF61BBD}.Debug|x64.Deploy.0 = Debug|Any CPU
		{3C5E112D-8812-41C8-8BE1-13968DF61BBD}.Debug|x86.ActiveCfg = Debug|Any CPU
		{3C5E112D-8812-41C8-8BE1-13968DF61BBD}.Debug|x86.Build.0 = Debug|Any CPU
		{3C5E112D-8812-41C8-8BE1-13968DF61BBD}.Debug|x86.Deploy.0 = Debug|Any CPU
		{3C5E112D-8812-41C8-8BE1-13968DF61BBD}.Release|Any CPU.ActiveCfg = Release|Any CPU
		{3C5E112D-8812-41C8-8BE1-13968DF61BBD}.Release|Any CPU.Build.0 = Release|Any CPU
		{3C5E112D-8812-41C8-8BE1-13968DF61BBD}.Release|Any CPU.Deploy.0 = Release|Any CPU
		{3C5E112D-8812-41C8-8BE1-13968DF61BBD}.Release|ARM.ActiveCfg = Release|Any CPU
		{3C5E112D-8812-41C8-8BE1-13968DF61BBD}.Release|ARM.Build.0 = Release|Any CPU
		{3C5E112D-8812-41C8-8BE1-13968DF61BBD}.Release|ARM.Deploy.0 = Release|Any CPU
		{3C5E112D-8812-41C8-8BE1-13968DF61BBD}.Release|iPhone.ActiveCfg = Release|Any CPU
		{3C5E112D-8812-41C8-8BE1-13968DF61BBD}.Release|iPhone.Build.0 = Release|Any CPU
		{3C5E112D-8812-41C8-8BE1-13968DF61BBD}.Release|iPhone.Deploy.0 = Release|Any CPU
		{3C5E112D-8812-41C8-8BE1-13968DF61BBD}.Release|iPhoneSimulator.ActiveCfg = Release|Any CPU
		{3C5E112D-8812-41C8-8BE1-13968DF61BBD}.Release|iPhoneSimulator.Build.0 = Release|Any CPU
		{3C5E112D-8812-41C8-8BE1-13968DF61BBD}.Release|iPhoneSimulator.Deploy.0 = Release|Any CPU
		{3C5E112D-8812-41C8-8BE1-13968DF61BBD}.Release|x64.ActiveCfg = Release|Any CPU
		{3C5E112D-8812-41C8-8BE1-13968DF61BBD}.Release|x64.Build.0 = Release|Any CPU
		{3C5E112D-8812-41C8-8BE1-13968DF61BBD}.Release|x64.Deploy.0 = Release|Any CPU
		{3C5E112D-8812-41C8-8BE1-13968DF61BBD}.Release|x86.ActiveCfg = Release|Any CPU
		{3C5E112D-8812-41C8-8BE1-13968DF61BBD}.Release|x86.Build.0 = Release|Any CPU
		{3C5E112D-8812-41C8-8BE1-13968DF61BBD}.Release|x86.Deploy.0 = Release|Any CPU
		{1972C384-6300-42E1-8AA5-946A4EE12E9D}.Ad-Hoc|Any CPU.ActiveCfg = Ad-Hoc|iPhone
		{1972C384-6300-42E1-8AA5-946A4EE12E9D}.Ad-Hoc|ARM.ActiveCfg = Ad-Hoc|iPhone
		{1972C384-6300-42E1-8AA5-946A4EE12E9D}.Ad-Hoc|iPhone.ActiveCfg = Ad-Hoc|iPhone
		{1972C384-6300-42E1-8AA5-946A4EE12E9D}.Ad-Hoc|iPhone.Build.0 = Ad-Hoc|iPhone
		{1972C384-6300-42E1-8AA5-946A4EE12E9D}.Ad-Hoc|iPhoneSimulator.ActiveCfg = Ad-Hoc|iPhoneSimulator
		{1972C384-6300-42E1-8AA5-946A4EE12E9D}.Ad-Hoc|iPhoneSimulator.Build.0 = Ad-Hoc|iPhoneSimulator
		{1972C384-6300-42E1-8AA5-946A4EE12E9D}.Ad-Hoc|x64.ActiveCfg = Ad-Hoc|iPhone
		{1972C384-6300-42E1-8AA5-946A4EE12E9D}.Ad-Hoc|x86.ActiveCfg = Ad-Hoc|iPhone
		{1972C384-6300-42E1-8AA5-946A4EE12E9D}.AppStore|Any CPU.ActiveCfg = AppStore|iPhone
		{1972C384-6300-42E1-8AA5-946A4EE12E9D}.AppStore|ARM.ActiveCfg = AppStore|iPhone
		{1972C384-6300-42E1-8AA5-946A4EE12E9D}.AppStore|iPhone.ActiveCfg = AppStore|iPhone
		{1972C384-6300-42E1-8AA5-946A4EE12E9D}.AppStore|iPhone.Build.0 = AppStore|iPhone
		{1972C384-6300-42E1-8AA5-946A4EE12E9D}.AppStore|iPhoneSimulator.ActiveCfg = AppStore|iPhoneSimulator
		{1972C384-6300-42E1-8AA5-946A4EE12E9D}.AppStore|iPhoneSimulator.Build.0 = AppStore|iPhoneSimulator
		{1972C384-6300-42E1-8AA5-946A4EE12E9D}.AppStore|x64.ActiveCfg = AppStore|iPhone
		{1972C384-6300-42E1-8AA5-946A4EE12E9D}.AppStore|x86.ActiveCfg = AppStore|iPhone
		{1972C384-6300-42E1-8AA5-946A4EE12E9D}.Debug|Any CPU.ActiveCfg = Debug|iPhone
		{1972C384-6300-42E1-8AA5-946A4EE12E9D}.Debug|ARM.ActiveCfg = Debug|iPhone
		{1972C384-6300-42E1-8AA5-946A4EE12E9D}.Debug|iPhone.ActiveCfg = Debug|iPhone
		{1972C384-6300-42E1-8AA5-946A4EE12E9D}.Debug|iPhone.Build.0 = Debug|iPhone
		{1972C384-6300-42E1-8AA5-946A4EE12E9D}.Debug|iPhoneSimulator.ActiveCfg = Debug|iPhoneSimulator
		{1972C384-6300-42E1-8AA5-946A4EE12E9D}.Debug|iPhoneSimulator.Build.0 = Debug|iPhoneSimulator
		{1972C384-6300-42E1-8AA5-946A4EE12E9D}.Debug|x64.ActiveCfg = Debug|iPhone
		{1972C384-6300-42E1-8AA5-946A4EE12E9D}.Debug|x86.ActiveCfg = Debug|iPhone
		{1972C384-6300-42E1-8AA5-946A4EE12E9D}.Release|Any CPU.ActiveCfg = Release|iPhone
		{1972C384-6300-42E1-8AA5-946A4EE12E9D}.Release|ARM.ActiveCfg = Release|iPhone
		{1972C384-6300-42E1-8AA5-946A4EE12E9D}.Release|iPhone.ActiveCfg = Release|iPhone
		{1972C384-6300-42E1-8AA5-946A4EE12E9D}.Release|iPhone.Build.0 = Release|iPhone
		{1972C384-6300-42E1-8AA5-946A4EE12E9D}.Release|iPhoneSimulator.ActiveCfg = Release|iPhoneSimulator
		{1972C384-6300-42E1-8AA5-946A4EE12E9D}.Release|iPhoneSimulator.Build.0 = Release|iPhoneSimulator
		{1972C384-6300-42E1-8AA5-946A4EE12E9D}.Release|x64.ActiveCfg = Release|iPhone
		{1972C384-6300-42E1-8AA5-946A4EE12E9D}.Release|x86.ActiveCfg = Release|iPhone
		{66C1B6DA-2B24-4F94-89B1-6DDEE8B88E01}.Ad-Hoc|Any CPU.ActiveCfg = Release|x86
		{66C1B6DA-2B24-4F94-89B1-6DDEE8B88E01}.Ad-Hoc|Any CPU.Build.0 = Release|x86
		{66C1B6DA-2B24-4F94-89B1-6DDEE8B88E01}.Ad-Hoc|Any CPU.Deploy.0 = Release|x86
		{66C1B6DA-2B24-4F94-89B1-6DDEE8B88E01}.Ad-Hoc|ARM.ActiveCfg = Release|ARM
		{66C1B6DA-2B24-4F94-89B1-6DDEE8B88E01}.Ad-Hoc|ARM.Build.0 = Release|ARM
		{66C1B6DA-2B24-4F94-89B1-6DDEE8B88E01}.Ad-Hoc|ARM.Deploy.0 = Release|ARM
		{66C1B6DA-2B24-4F94-89B1-6DDEE8B88E01}.Ad-Hoc|iPhone.ActiveCfg = Release|x86
		{66C1B6DA-2B24-4F94-89B1-6DDEE8B88E01}.Ad-Hoc|iPhone.Build.0 = Release|x86
		{66C1B6DA-2B24-4F94-89B1-6DDEE8B88E01}.Ad-Hoc|iPhone.Deploy.0 = Release|x86
		{66C1B6DA-2B24-4F94-89B1-6DDEE8B88E01}.Ad-Hoc|iPhoneSimulator.ActiveCfg = Release|x86
		{66C1B6DA-2B24-4F94-89B1-6DDEE8B88E01}.Ad-Hoc|iPhoneSimulator.Build.0 = Release|x86
		{66C1B6DA-2B24-4F94-89B1-6DDEE8B88E01}.Ad-Hoc|iPhoneSimulator.Deploy.0 = Release|x86
		{66C1B6DA-2B24-4F94-89B1-6DDEE8B88E01}.Ad-Hoc|x64.ActiveCfg = Release|x64
		{66C1B6DA-2B24-4F94-89B1-6DDEE8B88E01}.Ad-Hoc|x64.Build.0 = Release|x64
		{66C1B6DA-2B24-4F94-89B1-6DDEE8B88E01}.Ad-Hoc|x64.Deploy.0 = Release|x64
		{66C1B6DA-2B24-4F94-89B1-6DDEE8B88E01}.Ad-Hoc|x86.ActiveCfg = Release|x86
		{66C1B6DA-2B24-4F94-89B1-6DDEE8B88E01}.Ad-Hoc|x86.Build.0 = Release|x86
		{66C1B6DA-2B24-4F94-89B1-6DDEE8B88E01}.Ad-Hoc|x86.Deploy.0 = Release|x86
		{66C1B6DA-2B24-4F94-89B1-6DDEE8B88E01}.AppStore|Any CPU.ActiveCfg = Release|x86
		{66C1B6DA-2B24-4F94-89B1-6DDEE8B88E01}.AppStore|Any CPU.Build.0 = Release|x86
		{66C1B6DA-2B24-4F94-89B1-6DDEE8B88E01}.AppStore|Any CPU.Deploy.0 = Release|x86
		{66C1B6DA-2B24-4F94-89B1-6DDEE8B88E01}.AppStore|ARM.ActiveCfg = Release|ARM
		{66C1B6DA-2B24-4F94-89B1-6DDEE8B88E01}.AppStore|ARM.Build.0 = Release|ARM
		{66C1B6DA-2B24-4F94-89B1-6DDEE8B88E01}.AppStore|ARM.Deploy.0 = Release|ARM
		{66C1B6DA-2B24-4F94-89B1-6DDEE8B88E01}.AppStore|iPhone.ActiveCfg = Release|x86
		{66C1B6DA-2B24-4F94-89B1-6DDEE8B88E01}.AppStore|iPhone.Build.0 = Release|x86
		{66C1B6DA-2B24-4F94-89B1-6DDEE8B88E01}.AppStore|iPhone.Deploy.0 = Release|x86
		{66C1B6DA-2B24-4F94-89B1-6DDEE8B88E01}.AppStore|iPhoneSimulator.ActiveCfg = Release|x86
		{66C1B6DA-2B24-4F94-89B1-6DDEE8B88E01}.AppStore|iPhoneSimulator.Build.0 = Release|x86
		{66C1B6DA-2B24-4F94-89B1-6DDEE8B88E01}.AppStore|iPhoneSimulator.Deploy.0 = Release|x86
		{66C1B6DA-2B24-4F94-89B1-6DDEE8B88E01}.AppStore|x64.ActiveCfg = Release|x64
		{66C1B6DA-2B24-4F94-89B1-6DDEE8B88E01}.AppStore|x64.Build.0 = Release|x64
		{66C1B6DA-2B24-4F94-89B1-6DDEE8B88E01}.AppStore|x64.Deploy.0 = Release|x64
		{66C1B6DA-2B24-4F94-89B1-6DDEE8B88E01}.AppStore|x86.ActiveCfg = Release|x86
		{66C1B6DA-2B24-4F94-89B1-6DDEE8B88E01}.AppStore|x86.Build.0 = Release|x86
		{66C1B6DA-2B24-4F94-89B1-6DDEE8B88E01}.AppStore|x86.Deploy.0 = Release|x86
		{66C1B6DA-2B24-4F94-89B1-6DDEE8B88E01}.Debug|Any CPU.ActiveCfg = Debug|x86
		{66C1B6DA-2B24-4F94-89B1-6DDEE8B88E01}.Debug|ARM.ActiveCfg = Debug|ARM
		{66C1B6DA-2B24-4F94-89B1-6DDEE8B88E01}.Debug|ARM.Build.0 = Debug|ARM
		{66C1B6DA-2B24-4F94-89B1-6DDEE8B88E01}.Debug|ARM.Deploy.0 = Debug|ARM
		{66C1B6DA-2B24-4F94-89B1-6DDEE8B88E01}.Debug|iPhone.ActiveCfg = Debug|x86
		{66C1B6DA-2B24-4F94-89B1-6DDEE8B88E01}.Debug|iPhoneSimulator.ActiveCfg = Debug|x86
		{66C1B6DA-2B24-4F94-89B1-6DDEE8B88E01}.Debug|x64.ActiveCfg = Debug|x64
		{66C1B6DA-2B24-4F94-89B1-6DDEE8B88E01}.Debug|x64.Build.0 = Debug|x64
		{66C1B6DA-2B24-4F94-89B1-6DDEE8B88E01}.Debug|x64.Deploy.0 = Debug|x64
		{66C1B6DA-2B24-4F94-89B1-6DDEE8B88E01}.Debug|x86.ActiveCfg = Debug|x86
		{66C1B6DA-2B24-4F94-89B1-6DDEE8B88E01}.Debug|x86.Build.0 = Debug|x86
		{66C1B6DA-2B24-4F94-89B1-6DDEE8B88E01}.Debug|x86.Deploy.0 = Debug|x86
		{66C1B6DA-2B24-4F94-89B1-6DDEE8B88E01}.Release|Any CPU.ActiveCfg = Release|x86
		{66C1B6DA-2B24-4F94-89B1-6DDEE8B88E01}.Release|ARM.ActiveCfg = Release|ARM
		{66C1B6DA-2B24-4F94-89B1-6DDEE8B88E01}.Release|ARM.Build.0 = Release|ARM
		{66C1B6DA-2B24-4F94-89B1-6DDEE8B88E01}.Release|ARM.Deploy.0 = Release|ARM
		{66C1B6DA-2B24-4F94-89B1-6DDEE8B88E01}.Release|iPhone.ActiveCfg = Release|x86
		{66C1B6DA-2B24-4F94-89B1-6DDEE8B88E01}.Release|iPhoneSimulator.ActiveCfg = Release|x86
		{66C1B6DA-2B24-4F94-89B1-6DDEE8B88E01}.Release|x64.ActiveCfg = Release|x64
		{66C1B6DA-2B24-4F94-89B1-6DDEE8B88E01}.Release|x64.Build.0 = Release|x64
		{66C1B6DA-2B24-4F94-89B1-6DDEE8B88E01}.Release|x64.Deploy.0 = Release|x64
		{66C1B6DA-2B24-4F94-89B1-6DDEE8B88E01}.Release|x86.ActiveCfg = Release|x86
		{66C1B6DA-2B24-4F94-89B1-6DDEE8B88E01}.Release|x86.Build.0 = Release|x86
		{66C1B6DA-2B24-4F94-89B1-6DDEE8B88E01}.Release|x86.Deploy.0 = Release|x86
	EndGlobalSection
	GlobalSection(SolutionProperties) = preSolution
		HideSolutionNode = FALSE
	EndGlobalSection
EndGlobal
